
Microsoft Visual Studio Solution File, Format Version 12.00
# Visual Studio Version 16
VisualStudioVersion = 16.0.30011.22
MinimumVisualStudioVersion = 10.0.40219.1
Project("{8BC9CEB8-8B4A-11D0-8D11-00A0C91BC942}") = "WinRTPractice", "WinRTPractice\WinRTPractice.vcxproj", "{E666F623-E31A-4835-AD04-FD00202FF25D}"
EndProject
Project("{8BC9CEB8-8B4A-11D0-8D11-00A0C91BC942}") = "RuntimeComponent1", "RuntimeComponent1\RuntimeComponent1.vcxproj", "{AC9FFB27-E48C-4759-A31B-F372920D92EF}"
EndProject
Project("{8BC9CEB8-8B4A-11D0-8D11-00A0C91BC942}") = "RuntimeComponentNested1", "RuntimeComponentNested1\RuntimeComponentNested1.vcxproj", "{0B7F04B1-88CD-4A13-971F-A73C176A1F06}"
EndProject
Global
	GlobalSection(SolutionConfigurationPlatforms) = preSolution
		Debug|ARM = Debug|ARM
		Debug|ARM64 = Debug|ARM64
		Debug|x64 = Debug|x64
		Debug|x86 = Debug|x86
		Release|ARM = Release|ARM
		Release|ARM64 = Release|ARM64
		Release|x64 = Release|x64
		Release|x86 = Release|x86
	EndGlobalSection
	GlobalSection(ProjectConfigurationPlatforms) = postSolution
		{E666F623-E31A-4835-AD04-FD00202FF25D}.Debug|ARM.ActiveCfg = Debug|ARM
		{E666F623-E31A-4835-AD04-FD00202FF25D}.Debug|ARM.Build.0 = Debug|ARM
		{E666F623-E31A-4835-AD04-FD00202FF25D}.Debug|ARM.Deploy.0 = Debug|ARM
		{E666F623-E31A-4835-AD04-FD00202FF25D}.Debug|ARM64.ActiveCfg = Debug|ARM64
		{E666F623-E31A-4835-AD04-FD00202FF25D}.Debug|ARM64.Build.0 = Debug|ARM64
		{E666F623-E31A-4835-AD04-FD00202FF25D}.Debug|ARM64.Deploy.0 = Debug|ARM64
		{E666F623-E31A-4835-AD04-FD00202FF25D}.Debug|x64.ActiveCfg = Debug|x64
		{E666F623-E31A-4835-AD04-FD00202FF25D}.Debug|x64.Build.0 = Debug|x64
		{E666F623-E31A-4835-AD04-FD00202FF25D}.Debug|x64.Deploy.0 = Debug|x64
		{E666F623-E31A-4835-AD04-FD00202FF25D}.Debug|x86.ActiveCfg = Debug|Win32
		{E666F623-E31A-4835-AD04-FD00202FF25D}.Debug|x86.Build.0 = Debug|Win32
		{E666F623-E31A-4835-AD04-FD00202FF25D}.Debug|x86.Deploy.0 = Debug|Win32
		{E666F623-E31A-4835-AD04-FD00202FF25D}.Release|ARM.ActiveCfg = Release|ARM
		{E666F623-E31A-4835-AD04-FD00202FF25D}.Release|ARM.Build.0 = Release|ARM
		{E666F623-E31A-4835-AD04-FD00202FF25D}.Release|ARM.Deploy.0 = Release|ARM
		{E666F623-E31A-4835-AD04-FD00202FF25D}.Release|ARM64.ActiveCfg = Release|ARM64
		{E666F623-E31A-4835-AD04-FD00202FF25D}.Release|ARM64.Build.0 = Release|ARM64
		{E666F623-E31A-4835-AD04-FD00202FF25D}.Release|ARM64.Deploy.0 = Release|ARM64
		{E666F623-E31A-4835-AD04-FD00202FF25D}.Release|x64.ActiveCfg = Release|x64
		{E666F623-E31A-4835-AD04-FD00202FF25D}.Release|x64.Build.0 = Release|x64
		{E666F623-E31A-4835-AD04-FD00202FF25D}.Release|x64.Deploy.0 = Release|x64
		{E666F623-E31A-4835-AD04-FD00202FF25D}.Release|x86.ActiveCfg = Release|Win32
		{E666F623-E31A-4835-AD04-FD00202FF25D}.Release|x86.Build.0 = Release|Win32
		{E666F623-E31A-4835-AD04-FD00202FF25D}.Release|x86.Deploy.0 = Release|Win32
		{AC9FFB27-E48C-4759-A31B-F372920D92EF}.Debug|ARM.ActiveCfg = Debug|ARM
		{AC9FFB27-E48C-4759-A31B-F372920D92EF}.Debug|ARM.Build.0 = Debug|ARM
		{AC9FFB27-E48C-4759-A31B-F372920D92EF}.Debug|ARM64.ActiveCfg = Debug|ARM64
		{AC9FFB27-E48C-4759-A31B-F372920D92EF}.Debug|ARM64.Build.0 = Debug|ARM64
		{AC9FFB27-E48C-4759-A31B-F372920D92EF}.Debug|x64.ActiveCfg = Debug|x64
		{AC9FFB27-E48C-4759-A31B-F372920D92EF}.Debug|x64.Build.0 = Debug|x64
		{AC9FFB27-E48C-4759-A31B-F372920D92EF}.Debug|x86.ActiveCfg = Debug|Win32
		{AC9FFB27-E48C-4759-A31B-F372920D92EF}.Debug|x86.Build.0 = Debug|Win32
		{AC9FFB27-E48C-4759-A31B-F372920D92EF}.Release|ARM.ActiveCfg = Release|ARM
		{AC9FFB27-E48C-4759-A31B-F372920D92EF}.Release|ARM.Build.0 = Release|ARM
		{AC9FFB27-E48C-4759-A31B-F372920D92EF}.Release|ARM64.ActiveCfg = Release|ARM64
		{AC9FFB27-E48C-4759-A31B-F372920D92EF}.Release|ARM64.Build.0 = Release|ARM64
		{AC9FFB27-E48C-4759-A31B-F372920D92EF}.Release|x64.ActiveCfg = Release|x64
		{AC9FFB27-E48C-4759-A31B-F372920D92EF}.Release|x64.Build.0 = Release|x64
		{AC9FFB27-E48C-4759-A31B-F372920D92EF}.Release|x86.ActiveCfg = Release|Win32
		{AC9FFB27-E48C-4759-A31B-F372920D92EF}.Release|x86.Build.0 = Release|Win32
		{0B7F04B1-88CD-4A13-971F-A73C176A1F06}.Debug|ARM.ActiveCfg = Debug|ARM
		{0B7F04B1-88CD-4A13-971F-A73C176A1F06}.Debug|ARM.Build.0 = Debug|ARM
		{0B7F04B1-88CD-4A13-971F-A73C176A1F06}.Debug|ARM64.ActiveCfg = Debug|ARM64
		{0B7F04B1-88CD-4A13-971F-A73C176A1F06}.Debug|ARM64.Build.0 = Debug|ARM64
		{0B7F04B1-88CD-4A13-971F-A73C176A1F06}.Debug|x64.ActiveCfg = Debug|x64
		{0B7F04B1-88CD-4A13-971F-A73C176A1F06}.Debug|x64.Build.0 = Debug|x64
		{0B7F04B1-88CD-4A13-971F-A73C176A1F06}.Debug|x86.ActiveCfg = Debug|Win32
		{0B7F04B1-88CD-4A13-971F-A73C176A1F06}.Debug|x86.Build.0 = Debug|Win32
		{0B7F04B1-88CD-4A13-971F-A73C176A1F06}.Release|ARM.ActiveCfg = Release|ARM
		{0B7F04B1-88CD-4A13-971F-A73C176A1F06}.Release|ARM.Build.0 = Release|ARM
		{0B7F04B1-88CD-4A13-971F-A73C176A1F06}.Release|ARM64.ActiveCfg = Release|ARM64
		{0B7F04B1-88CD-4A13-971F-A73C176A1F06}.Release|ARM64.Build.0 = Release|ARM64
		{0B7F04B1-88CD-4A13-971F-A73C176A1F06}.Release|x64.ActiveCfg = Release|x64
		{0B7F04B1-88CD-4A13-971F-A73C176A1F06}.Release|x64.Build.0 = Release|x64
		{0B7F04B1-88CD-4A13-971F-A73C176A1F06}.Release|x86.ActiveCfg = Release|Win32
		{0B7F04B1-88CD-4A13-971F-A73C176A1F06}.Release|x86.Build.0 = Release|Win32
	EndGlobalSection
	GlobalSection(SolutionProperties) = preSolution
		HideSolutionNode = FALSE
	EndGlobalSection
	GlobalSection(ExtensibilityGlobals) = postSolution
		SolutionGuid = {C9705A23-79A4-4590-8A37-03CCDC2ABB4C}
	EndGlobalSection
EndGlobal
